// !$*UTF8*$!
{
	archiveVersion = 1;
	classes = {
	};
	objectVersion = 50;
	objects = {

/* Begin PBXBuildFile section */
		C4661D4F25C8B8BA0055E0D8 /* EcomobilityApp.swift in Sources */ = {isa = PBXBuildFile; fileRef = C4661D4E25C8B8BA0055E0D8 /* EcomobilityApp.swift */; };
		C4661D5125C8B8BA0055E0D8 /* ContentView.swift in Sources */ = {isa = PBXBuildFile; fileRef = C4661D5025C8B8BA0055E0D8 /* ContentView.swift */; };
		C4661D5325C8B8BB0055E0D8 /* Assets.xcassets in Resources */ = {isa = PBXBuildFile; fileRef = C4661D5225C8B8BB0055E0D8 /* Assets.xcassets */; };
/* End PBXBuildFile section */

/* Begin PBXFileReference section */
		C4661D4B25C8B8BA0055E0D8 /* Ecomobility.app */ = {isa = PBXFileReference; explicitFileType = wrapper.application; includeInIndex = 0; path = Ecomobility.app; sourceTree = BUILT_PRODUCTS_DIR; };
		C4661D4E25C8B8BA0055E0D8 /* EcomobilityApp.swift */ = {isa = PBXFileReference; lastKnownFileType = sourcecode.swift; path = EcomobilityApp.swift; sourceTree = "<group>"; };
		C4661D5025C8B8BA0055E0D8 /* ContentView.swift */ = {isa = PBXFileReference; lastKnownFileType = sourcecode.swift; path = ContentView.swift; sourceTree = "<group>"; };
		C4661D5225C8B8BB0055E0D8 /* Assets.xcassets */ = {isa = PBXFileReference; lastKnownFileType = folder.assetcatalog; path = Assets.xcassets; sourceTree = "<group>"; };
		C4661D5725C8B8BB0055E0D8 /* Info.plist */ = {isa = PBXFileReference; lastKnownFileType = text.plist.xml; path = Info.plist; sourceTree = "<group>"; };
/* End PBXFileReference section */

/* Begin PBXFrameworksBuildPhase section */
		C4661D4825C8B8BA0055E0D8 /* Frameworks */ = {
			isa = PBXFrameworksBuildPhase;
			buildActionMask = 2147483647;
			files = (
			);
			runOnlyForDeploymentPostprocessing = 0;
		};
/* End PBXFrameworksBuildPhase section */

/* Begin PBXGroup section */
		C4235FAB25C9AF8B005E9FAC /* Application */ = {
			isa = PBXGroup;
			children = (
				C4235FB025C9C080005E9FAC /* Lifecycle */,
				C4235FAC25C9AF93005E9FAC /* Configuration */,
			);
			path = Application;
			sourceTree = "<group>";
		};
		C4235FAC25C9AF93005E9FAC /* Configuration */ = {
			isa = PBXGroup;
			children = (
				C4661D5725C8B8BB0055E0D8 /* Info.plist */,
			);
			path = Configuration;
			sourceTree = "<group>";
		};
		C4235FAF25C9C063005E9FAC /* Scenes */ = {
			isa = PBXGroup;
			children = (
				C4235FB225C9C0C5005E9FAC /* Login */,
			);
			path = Scenes;
			sourceTree = "<group>";
		};
		C4235FB025C9C080005E9FAC /* Lifecycle */ = {
			isa = PBXGroup;
			children = (
				C4661D4E25C8B8BA0055E0D8 /* EcomobilityApp.swift */,
			);
			path = Lifecycle;
			sourceTree = "<group>";
		};
		C4235FB225C9C0C5005E9FAC /* Login */ = {
			isa = PBXGroup;
			children = (
				C4235FB325C9C0D3005E9FAC /* Presentation */,
			);
			path = Login;
			sourceTree = "<group>";
		};
		C4235FB325C9C0D3005E9FAC /* Presentation */ = {
			isa = PBXGroup;
			children = (
				C4235FB425C9C0DB005E9FAC /* Views */,
				C4235FB525C9C0E3005E9FAC /* Assets */,
			);
			path = Presentation;
			sourceTree = "<group>";
		};
		C4235FB425C9C0DB005E9FAC /* Views */ = {
			isa = PBXGroup;
			children = (
				C4661D5025C8B8BA0055E0D8 /* ContentView.swift */,
			);
			path = Views;
			sourceTree = "<group>";
		};
		C4235FB525C9C0E3005E9FAC /* Assets */ = {
			isa = PBXGroup;
			children = (
				C4661D5225C8B8BB0055E0D8 /* Assets.xcassets */,
			);
			path = Assets;
			sourceTree = "<group>";
		};
		C4661D4225C8B8BA0055E0D8 = {
			isa = PBXGroup;
			children = (
				C4661D4D25C8B8BA0055E0D8 /* Ecomobility */,
				C4661D4C25C8B8BA0055E0D8 /* Products */,
			);
			sourceTree = "<group>";
		};
		C4661D4C25C8B8BA0055E0D8 /* Products */ = {
			isa = PBXGroup;
			children = (
				C4661D4B25C8B8BA0055E0D8 /* Ecomobility.app */,
			);
			name = Products;
			sourceTree = "<group>";
		};
		C4661D4D25C8B8BA0055E0D8 /* Ecomobility */ = {
			isa = PBXGroup;
			children = (
				C4235FAB25C9AF8B005E9FAC /* Application */,
				C4235FAF25C9C063005E9FAC /* Scenes */,
			);
			path = Ecomobility;
			sourceTree = "<group>";
		};
/* End PBXGroup section */

/* Begin PBXNativeTarget section */
		C4661D4A25C8B8BA0055E0D8 /* Ecomobility */ = {
			isa = PBXNativeTarget;
			buildConfigurationList = C4661D5A25C8B8BB0055E0D8 /* Build configuration list for PBXNativeTarget "Ecomobility" */;
			buildPhases = (
				C4661D4725C8B8BA0055E0D8 /* Sources */,
				C4661D4825C8B8BA0055E0D8 /* Frameworks */,
				C4661D4925C8B8BA0055E0D8 /* Resources */,
			);
			buildRules = (
			);
			dependencies = (
			);
			name = Ecomobility;
			productName = Ecomobility;
			productReference = C4661D4B25C8B8BA0055E0D8 /* Ecomobility.app */;
			productType = "com.apple.product-type.application";
		};
/* End PBXNativeTarget section */

/* Begin PBXProject section */
		C4661D4325C8B8BA0055E0D8 /* Project object */ = {
			isa = PBXProject;
			attributes = {
				LastSwiftUpdateCheck = 1240;
				LastUpgradeCheck = 1240;
				TargetAttributes = {
					C4661D4A25C8B8BA0055E0D8 = {
						CreatedOnToolsVersion = 12.4;
					};
				};
			};
			buildConfigurationList = C4661D4625C8B8BA0055E0D8 /* Build configuration list for PBXProject "Ecomobility" */;
			compatibilityVersion = "Xcode 9.3";
			developmentRegion = en;
			hasScannedForEncodings = 0;
			knownRegions = (
				en,
				Base,
			);
			mainGroup = C4661D4225C8B8BA0055E0D8;
			productRefGroup = C4661D4C25C8B8BA0055E0D8 /* Products */;
			projectDirPath = "";
			projectRoot = "";
			targets = (
				C4661D4A25C8B8BA0055E0D8 /* Ecomobility */,
			);
		};
/* End PBXProject section */

/* Begin PBXResourcesBuildPhase section */
		C4661D4925C8B8BA0055E0D8 /* Resources */ = {
			isa = PBXResourcesBuildPhase;
			buildActionMask = 2147483647;
			files = (
				C4661D5325C8B8BB0055E0D8 /* Assets.xcassets in Resources */,
			);
			runOnlyForDeploymentPostprocessing = 0;
		};
/* End PBXResourcesBuildPhase section */

/* Begin PBXSourcesBuildPhase section */
		C4661D4725C8B8BA0055E0D8 /* Sources */ = {
			isa = PBXSourcesBuildPhase;
			buildActionMask = 2147483647;
			files = (
				C4661D5125C8B8BA0055E0D8 /* ContentView.swift in Sources */,
				C4661D4F25C8B8BA0055E0D8 /* EcomobilityApp.swift in Sources */,
			);
			runOnlyForDeploymentPostprocessing = 0;
		};
/* End PBXSourcesBuildPhase section */

/* Begin XCBuildConfiguration section */
		C4661D5825C8B8BB0055E0D8 /* Debug */ = {
			isa = XCBuildConfiguration;
			buildSettings = {
				ALWAYS_SEARCH_USER_PATHS = NO;
				CLANG_ANALYZER_NONNULL = YES;
				CLANG_ANALYZER_NUMBER_OBJECT_CONVERSION = YES_AGGRESSIVE;
				CLANG_CXX_LANGUAGE_STANDARD = "gnu++14";
				CLANG_CXX_LIBRARY = "libc++";
				CLANG_ENABLE_MODULES = YES;
				CLANG_ENABLE_OBJC_ARC = YES;
				CLANG_ENABLE_OBJC_WEAK = YES;
				CLANG_WARN_BLOCK_CAPTURE_AUTORELEASING = YES;
				CLANG_WARN_BOOL_CONVERSION = YES;
				CLANG_WARN_COMMA = YES;
				CLANG_WARN_CONSTANT_CONVERSION = YES;
				CLANG_WARN_DEPRECATED_OBJC_IMPLEMENTATIONS = YES;
				CLANG_WARN_DIRECT_OBJC_ISA_USAGE = YES_ERROR;
				CLANG_WARN_DOCUMENTATION_COMMENTS = YES;
				CLANG_WARN_EMPTY_BODY = YES;
				CLANG_WARN_ENUM_CONVERSION = YES;
				CLANG_WARN_INFINITE_RECURSION = YES;
				CLANG_WARN_INT_CONVERSION = YES;
				CLANG_WARN_NON_LITERAL_NULL_CONVERSION = YES;
				CLANG_WARN_OBJC_IMPLICIT_RETAIN_SELF = YES;
				CLANG_WARN_OBJC_LITERAL_CONVERSION = YES;
				CLANG_WARN_OBJC_ROOT_CLASS = YES_ERROR;
				CLANG_WARN_QUOTED_INCLUDE_IN_FRAMEWORK_HEADER = YES;
				CLANG_WARN_RANGE_LOOP_ANALYSIS = YES;
				CLANG_WARN_STRICT_PROTOTYPES = YES;
				CLANG_WARN_SUSPICIOUS_MOVE = YES;
				CLANG_WARN_UNGUARDED_AVAILABILITY = YES_AGGRESSIVE;
				CLANG_WARN_UNREACHABLE_CODE = YES;
				CLANG_WARN__DUPLICATE_METHOD_MATCH = YES;
				COPY_PHASE_STRIP = NO;
				DEBUG_INFORMATION_FORMAT = dwarf;
				ENABLE_STRICT_OBJC_MSGSEND = YES;
				ENABLE_TESTABILITY = YES;
				GCC_C_LANGUAGE_STANDARD = gnu11;
				GCC_DYNAMIC_NO_PIC = NO;
				GCC_NO_COMMON_BLOCKS = YES;
				GCC_OPTIMIZATION_LEVEL = 0;
				GCC_PREPROCESSOR_DEFINITIONS = (
					"DEBUG=1",
					"$(inherited)",
				);
				GCC_WARN_64_TO_32_BIT_CONVERSION = YES;
				GCC_WARN_ABOUT_RETURN_TYPE = YES_ERROR;
				GCC_WARN_UNDECLARED_SELECTOR = YES;
				GCC_WARN_UNINITIALIZED_AUTOS = YES_AGGRESSIVE;
				GCC_WARN_UNUSED_FUNCTION = YES;
				GCC_WARN_UNUSED_VARIABLE = YES;
				IPHONEOS_DEPLOYMENT_TARGET = 14.4;
				MTL_ENABLE_DEBUG_INFO = INCLUDE_SOURCE;
				MTL_FAST_MATH = YES;
				ONLY_ACTIVE_ARCH = YES;
				SDKROOT = iphoneos;
				SWIFT_ACTIVE_COMPILATION_CONDITIONS = DEBUG;
				SWIFT_OPTIMIZATION_LEVEL = "-Onone";
			};
			name = Debug;
		};
		C4661D5925C8B8BB0055E0D8 /* Release */ = {
			isa = XCBuildConfiguration;
			buildSettings = {
				ALWAYS_SEARCH_USER_PATHS = NO;
				CLANG_ANALYZER_NONNULL = YES;
				CLANG_ANALYZER_NUMBER_OBJECT_CONVERSION = YES_AGGRESSIVE;
				CLANG_CXX_LANGUAGE_STANDARD = "gnu++14";
				CLANG_CXX_LIBRARY = "libc++";
				CLANG_ENABLE_MODULES = YES;
				CLANG_ENABLE_OBJC_ARC = YES;
				CLANG_ENABLE_OBJC_WEAK = YES;
				CLANG_WARN_BLOCK_CAPTURE_AUTORELEASING = YES;
				CLANG_WARN_BOOL_CONVERSION = YES;
				CLANG_WARN_COMMA = YES;
				CLANG_WARN_CONSTANT_CONVERSION = YES;
				CLANG_WARN_DEPRECATED_OBJC_IMPLEMENTATIONS = YES;
				CLANG_WARN_DIRECT_OBJC_ISA_USAGE = YES_ERROR;
				CLANG_WARN_DOCUMENTATION_COMMENTS = YES;
				CLANG_WARN_EMPTY_BODY = YES;
				CLANG_WARN_ENUM_CONVERSION = YES;
				CLANG_WARN_INFINITE_RECURSION = YES;
				CLANG_WARN_INT_CONVERSION = YES;
				CLANG_WARN_NON_LITERAL_NULL_CONVERSION = YES;
				CLANG_WARN_OBJC_IMPLICIT_RETAIN_SELF = YES;
				CLANG_WARN_OBJC_LITERAL_CONVERSION = YES;
				CLANG_WARN_OBJC_ROOT_CLASS = YES_ERROR;
				CLANG_WARN_QUOTED_INCLUDE_IN_FRAMEWORK_HEADER = YES;
				CLANG_WARN_RANGE_LOOP_ANALYSIS = YES;
				CLANG_WARN_STRICT_PROTOTYPES = YES;
				CLANG_WARN_SUSPICIOUS_MOVE = YES;
				CLANG_WARN_UNGUARDED_AVAILABILITY = YES_AGGRESSIVE;
				CLANG_WARN_UNREACHABLE_CODE = YES;
				CLANG_WARN__DUPLICATE_METHOD_MATCH = YES;
				COPY_PHASE_STRIP = NO;
				DEBUG_INFORMATION_FORMAT = "dwarf-with-dsym";
				ENABLE_NS_ASSERTIONS = NO;
				ENABLE_STRICT_OBJC_MSGSEND = YES;
				GCC_C_LANGUAGE_STANDARD = gnu11;
				GCC_NO_COMMON_BLOCKS = YES;
				GCC_WARN_64_TO_32_BIT_CONVERSION = YES;
				GCC_WARN_ABOUT_RETURN_TYPE = YES_ERROR;
				GCC_WARN_UNDECLARED_SELECTOR = YES;
				GCC_WARN_UNINITIALIZED_AUTOS = YES_AGGRESSIVE;
				GCC_WARN_UNUSED_FUNCTION = YES;
				GCC_WARN_UNUSED_VARIABLE = YES;
				IPHONEOS_DEPLOYMENT_TARGET = 14.4;
				MTL_ENABLE_DEBUG_INFO = NO;
				MTL_FAST_MATH = YES;
				SDKROOT = iphoneos;
				SWIFT_COMPILATION_MODE = wholemodule;
				SWIFT_OPTIMIZATION_LEVEL = "-O";
				VALIDATE_PRODUCT = YES;
			};
			name = Release;
		};
		C4661D5B25C8B8BB0055E0D8 /* Debug */ = {
			isa = XCBuildConfiguration;
			buildSettings = {
				ASSETCATALOG_COMPILER_APPICON_NAME = AppIcon;
				ASSETCATALOG_COMPILER_GLOBAL_ACCENT_COLOR_NAME = AccentColor;
				CODE_SIGN_STYLE = Automatic;
				DEVELOPMENT_ASSET_PATHS = "";
				DEVELOPMENT_TEAM = W2HFS492D7;
				ENABLE_PREVIEWS = YES;
				INFOPLIST_FILE = Ecomobility/Application/Configuration/Info.plist;
				IPHONEOS_DEPLOYMENT_TARGET = 14.0;
				LD_RUNPATH_SEARCH_PATHS = (
					"$(inherited)",
					"@executable_path/Frameworks",
				);
				PRODUCT_BUNDLE_IDENTIFIER = com.rpairo.Ecomobility;
				PRODUCT_NAME = "$(TARGET_NAME)";
				SWIFT_VERSION = 5.0;
				TARGETED_DEVICE_FAMILY = "1,2";
			};
			name = Debug;
		};
		C4661D5C25C8B8BB0055E0D8 /* Release */ = {
			isa = XCBuildConfiguration;
			buildSettings = {
				ASSETCATALOG_COMPILER_APPICON_NAME = AppIcon;
				ASSETCATALOG_COMPILER_GLOBAL_ACCENT_COLOR_NAME = AccentColor;
				CODE_SIGN_STYLE = Automatic;
				DEVELOPMENT_ASSET_PATHS = "";
				DEVELOPMENT_TEAM = W2HFS492D7;
				ENABLE_PREVIEWS = YES;
				INFOPLIST_FILE = Ecomobility/Application/Configuration/Info.plist;
				IPHONEOS_DEPLOYMENT_TARGET = 14.0;
				LD_RUNPATH_SEARCH_PATHS = (
					"$(inherited)",
					"@executable_path/Frameworks",
				);
				PRODUCT_BUNDLE_IDENTIFIER = com.rpairo.Ecomobility;
				PRODUCT_NAME = "$(TARGET_NAME)";
				SWIFT_VERSION = 5.0;
				TARGETED_DEVICE_FAMILY = "1,2";
			};
			name = Release;
		};
/* End XCBuildConfiguration section */

/* Begin XCConfigurationList section */
		C4661D4625C8B8BA0055E0D8 /* Build configuration list for PBXProject "Ecomobility" */ = {
			isa = XCConfigurationList;
			buildConfigurations = (
				C4661D5825C8B8BB0055E0D8 /* Debug */,
				C4661D5925C8B8BB0055E0D8 /* Release */,
			);
			defaultConfigurationIsVisible = 0;
			defaultConfigurationName = Release;
		};
		C4661D5A25C8B8BB0055E0D8 /* Build configuration list for PBXNativeTarget "Ecomobility" */ = {
			isa = XCConfigurationList;
			buildConfigurations = (
				C4661D5B25C8B8BB0055E0D8 /* Debug */,
				C4661D5C25C8B8BB0055E0D8 /* Release */,
			);
			defaultConfigurationIsVisible = 0;
			defaultConfigurationName = Release;
		};
/* End XCConfigurationList section */
	};
	rootObject = C4661D4325C8B8BA0055E0D8 /* Project object */;
}
